
Microsoft Visual Studio Solution File, Format Version 11.00
# Visual Studio 2010
Project("{FAE04EC0-301F-11D3-BF4B-00C04F79EFBC}") = "xkz", "xkz\xkz.csproj", "{0C37C76D-8E19-4E04-8436-12C7415F947D}"
EndProject
Global
	GlobalSection(SolutionConfigurationPlatforms) = preSolution
		Debug|x86 = Debug|x86
		Release|x86 = Release|x86
	EndGlobalSection
	GlobalSection(ProjectConfigurationPlatforms) = postSolution
		{0C37C76D-8E19-4E04-8436-12C7415F947D}.Debug|x86.ActiveCfg = Debug|x86
		{0C37C76D-8E19-4E04-8436-12C7415F947D}.Debug|x86.Build.0 = Debug|x86
		{0C37C76D-8E19-4E04-8436-12C7415F947D}.Release|x86.ActiveCfg = Release|x86
		{0C37C76D-8E19-4E04-8436-12C7415F947D}.Release|x86.Build.0 = Release|x86
	EndGlobalSection
	GlobalSection(SolutionProperties) = preSolution
		HideSolutionNode = FALSE
	EndGlobalSection
EndGlobal
